
Microsoft Visual Studio Solution File, Format Version 12.00
# Visual Studio 14
VisualStudioVersion = 14.0.25420.1
MinimumVisualStudioVersion = 10.0.40219.1
Project("{FAE04EC0-301F-11D3-BF4B-00C04F79EFBC}") = "Linq", "Linq\Linq.csproj", "{02443CE9-F459-4FFB-A4E1-A34D3B49F060}"
EndProject
Project("{FAE04EC0-301F-11D3-BF4B-00C04F79EFBC}") = "Linq-Erweiterungsmethode", "Linq-Erweiterungsmethode\Linq-Erweiterungsmethode.csproj", "{F02A8F97-5947-41C5-9D76-A3D813EE7FC4}"
EndProject
Project("{FAE04EC0-301F-11D3-BF4B-00C04F79EFBC}") = "Datenquelle", "Datenquelle\Datenquelle.csproj", "{3DF7903B-A7D2-4EE4-A0DF-5ADF09EDAF1C}"
EndProject
Project("{FAE04EC0-301F-11D3-BF4B-00C04F79EFBC}") = "Linq_extended", "Linq_extended\Linq_extended.csproj", "{4103F458-C940-424E-A6D1-65A686C429AB}"
	ProjectSection(ProjectDependencies) = postProject
		{3DF7903B-A7D2-4EE4-A0DF-5ADF09EDAF1C} = {3DF7903B-A7D2-4EE4-A0DF-5ADF09EDAF1C}
	EndProjectSection
EndProject
Project("{2150E333-8FDC-42A3-9474-1A3956D46DE8}") = "Linq_", "Linq_", "{BDF69EE2-2024-405F-8625-04969599CC72}"
EndProject
Project("{FAE04EC0-301F-11D3-BF4B-00C04F79EFBC}") = "Linq_Aggregatoperatoren", "Linq_Aggregatoperatoren\Linq_Aggregatoperatoren.csproj", "{F777E159-D0CE-49C2-A555-3EB5532AAAFD}"
EndProject
Project("{FAE04EC0-301F-11D3-BF4B-00C04F79EFBC}") = "Linq_Set_Operatoren", "Linq_Set_Operatoren\Linq_Set_Operatoren.csproj", "{10293348-79BF-4EDD-B313-53F9B8F94C76}"
EndProject
Project("{FAE04EC0-301F-11D3-BF4B-00C04F79EFBC}") = "Linq_QuantifizierungsOperator", "Linq_QuantifizierungsOperator\Linq_QuantifizierungsOperator.csproj", "{E9B6955E-EA5D-4FA3-AB89-F01A5611864E}"
EndProject
Project("{FAE04EC0-301F-11D3-BF4B-00C04F79EFBC}") = "Linq_Aufteilungsoperatoren", "Linq_Aufteilungsoperatoren\Linq_Aufteilungsoperatoren.csproj", "{05F802E6-7008-42F6-BBB6-A7A7D743E04F}"
EndProject
Project("{FAE04EC0-301F-11D3-BF4B-00C04F79EFBC}") = "Linq_Elementoperatoren", "Linq_Elementoperatoren\Linq_Elementoperatoren.csproj", "{DCAA7C02-FE9C-48C3-98BA-8AF70DE49D1C}"
EndProject
Project("{2150E333-8FDC-42A3-9474-1A3956D46DE8}") = "FileDirectory", "FileDirectory", "{F6B22AB2-79F2-4FA8-B8FD-11906A2D41CA}"
EndProject
Project("{FAE04EC0-301F-11D3-BF4B-00C04F79EFBC}") = "FileDirectorySample", "FileDirectorySample\FileDirectorySample.csproj", "{D10D97C5-2221-41ED-B991-AF1B3F8EBBF6}"
EndProject
Project("{FAE04EC0-301F-11D3-BF4B-00C04F79EFBC}") = "FileDirectoryFileStream", "FileDirectory_FileStream\FileDirectoryFileStream.csproj", "{ABFD770E-5052-49B9-9508-9D1FC08C79E7}"
EndProject
Project("{FAE04EC0-301F-11D3-BF4B-00C04F79EFBC}") = "BinaryStream", "BinaryStream\BinaryStream.csproj", "{4CB15D1A-54F1-4E7F-A573-3ED5BCE37772}"
EndProject
Project("{2150E333-8FDC-42A3-9474-1A3956D46DE8}") = "Serialization", "Serialization", "{55FC458E-BAF4-4954-913D-DAEE2CE24A62}"
EndProject
Project("{FAE04EC0-301F-11D3-BF4B-00C04F79EFBC}") = "Serialization_Single", "Serialization_Single\Serialization_Single.csproj", "{64FE93A3-6D0D-43A3-A49D-26F96AE07A02}"
EndProject
Project("{FAE04EC0-301F-11D3-BF4B-00C04F79EFBC}") = "Serialize_multi", "Serialize_multi\Serialize_multi.csproj", "{276C3A7B-294E-42FB-BBBA-30C69EB5512A}"
EndProject
Project("{2150E333-8FDC-42A3-9474-1A3956D46DE8}") = "XML_", "XML_", "{CA025391-E2EB-4335-AE78-B0F7A3A2843E}"
EndProject
Project("{FAE04EC0-301F-11D3-BF4B-00C04F79EFBC}") = "XmlReaderSample", "XmlReaderSample\XmlReaderSample.csproj", "{820797CE-7B45-4E5A-8C82-3286F00F8370}"
EndProject
Project("{FAE04EC0-301F-11D3-BF4B-00C04F79EFBC}") = "XmlReaderToObject", "XmlReaderToObject\XmlReaderToObject.csproj", "{58021146-04FE-41F9-A71F-6C37790FC72B}"
EndProject
Project("{2150E333-8FDC-42A3-9474-1A3956D46DE8}") = "RestAPI", "RestAPI", "{B55C8798-21F3-4624-A82A-C3E92B1D31C1}"
EndProject
Project("{FAE04EC0-301F-11D3-BF4B-00C04F79EFBC}") = "CaptiveApiTest", "CaptiveApiTest\CaptiveApiTest.csproj", "{AADBFE37-6384-4238-9F52-B20E06D69015}"
EndProject
Project("{FAE04EC0-301F-11D3-BF4B-00C04F79EFBC}") = "XmlWriterSample", "XmlWriterSample\XmlWriterSample.csproj", "{F504E064-A142-4709-B64B-C48A8EA9B9C8}"
EndProject
Project("{FAE04EC0-301F-11D3-BF4B-00C04F79EFBC}") = "XMLNavigator", "XMLNavigator\XMLNavigator.csproj", "{3A186EEA-DF75-494B-BE44-8553D5DBD240}"
EndProject
Project("{FAE04EC0-301F-11D3-BF4B-00C04F79EFBC}") = "XMLPathNavigator", "XMLPathNavigator\XMLPathNavigator.csproj", "{43EABA17-7216-4C65-8825-999C4356B399}"
EndProject
Project("{FAE04EC0-301F-11D3-BF4B-00C04F79EFBC}") = "XMLPathNavigatorSelectSample", "XMLPathNavigatorSelectSample\XMLPathNavigatorSelectSample.csproj", "{D7180AA5-6BCC-4BC5-ADE1-79A4E35D97C3}"
EndProject
Project("{2150E333-8FDC-42A3-9474-1A3956D46DE8}") = "Threads", "Threads", "{3AC845EC-385A-4DEC-AB9A-04BBA5F1CF01}"
EndProject
Project("{FAE04EC0-301F-11D3-BF4B-00C04F79EFBC}") = "First_Thread", "First_Thread\First_Thread.csproj", "{25DE1F32-1899-491E-B63B-B2D7D5699A30}"
EndProject
Project("{FAE04EC0-301F-11D3-BF4B-00C04F79EFBC}") = "ThreadAbort", "ThreadAbort\ThreadAbort.csproj", "{00EC6085-D9D6-43C3-8A2B-8B9853616633}"
EndProject
Project("{FAE04EC0-301F-11D3-BF4B-00C04F79EFBC}") = "ThreadJoin", "ThreadJoin\ThreadJoin.csproj", "{1F70FD0A-C734-46E6-9B7D-A8FD8AF1AF08}"
EndProject
Project("{FAE04EC0-301F-11D3-BF4B-00C04F79EFBC}") = "ThreadPriority", "ThreadPriority\ThreadPriority.csproj", "{2611672D-7D1B-4649-BC83-971727322F0E}"
EndProject
Project("{FAE04EC0-301F-11D3-BF4B-00C04F79EFBC}") = "ThreadPool", "ThreadPool\ThreadPool.csproj", "{5B1F85EA-107E-4EC6-BF7F-0373844BECEC}"
EndProject
Project("{FAE04EC0-301F-11D3-BF4B-00C04F79EFBC}") = "ThreadSicherheit", "ThreadSicherheit\ThreadSicherheit.csproj", "{A92CA7B0-DDFE-4B5A-8109-8FC785BBAC76}"
EndProject
Project("{FAE04EC0-301F-11D3-BF4B-00C04F79EFBC}") = "ThreadMonitorWaitPulse", "ThreadMonitorWaitPulse\ThreadMonitorWaitPulse.csproj", "{B3E35D31-BDBA-4365-B8E8-3BAF4A8666BB}"
EndProject
Project("{FAE04EC0-301F-11D3-BF4B-00C04F79EFBC}") = "ThreadMutex", "ThreadMutex\ThreadMutex.csproj", "{ED198436-8DDC-4E4A-84B2-6B4B3AD1ED40}"
EndProject
Project("{FAE04EC0-301F-11D3-BF4B-00C04F79EFBC}") = "ThreadAsynchroner", "ThreadAsynchroner\ThreadAsynchroner.csproj", "{75034B81-551C-4F2C-9BDA-10AEDB8FDB22}"
EndProject
Project("{FAE04EC0-301F-11D3-BF4B-00C04F79EFBC}") = "ThreadBeginEndInvoke", "ThreadBeginEndInvoke\ThreadBeginEndInvoke.csproj", "{FC621EAA-4C9B-43F6-95C5-6787540F710D}"
EndProject
Project("{FAE04EC0-301F-11D3-BF4B-00C04F79EFBC}") = "ThreadTPLParallel", "ThreadTPLParallel\ThreadTPLParallel.csproj", "{3DE92526-56D5-42A6-AC79-9611D9D75B9C}"
EndProject
Project("{FAE04EC0-301F-11D3-BF4B-00C04F79EFBC}") = "ThreadTPLTask", "ThreadTPLTask\ThreadTPLTask.csproj", "{AAD6BE1A-4119-47CF-86E0-CCAD02120ACF}"
EndProject
Project("{FAE04EC0-301F-11D3-BF4B-00C04F79EFBC}") = "ThreadAsyncAwait", "ThreadAsyncAwait\ThreadAsyncAwait.csproj", "{73D84EB8-3C27-4638-B003-6E51A49834CC}"
EndProject
Project("{2150E333-8FDC-42A3-9474-1A3956D46DE8}") = "String", "String", "{D2FBC407-76CB-4D90-A368-592DC26DB51E}"
EndProject
Project("{FAE04EC0-301F-11D3-BF4B-00C04F79EFBC}") = "StringVSStringBuilder", "StringVSStringBuilder\StringVSStringBuilder.csproj", "{B999ED6D-722E-40F3-838C-1D6D4BC84434}"
EndProject
Project("{2150E333-8FDC-42A3-9474-1A3956D46DE8}") = "GeometricObject", "GeometricObject", "{4DE89BAF-F924-43A1-A24A-B46A29FEAE7A}"
EndProject
Project("{FAE04EC0-301F-11D3-BF4B-00C04F79EFBC}") = "GeometricTestApplication", "GeometricTestApplication\GeometricTestApplication.csproj", "{F15DBB0F-6614-4095-9BB3-9E9507038C8D}"
EndProject
Project("{2150E333-8FDC-42A3-9474-1A3956D46DE8}") = "WPF-Anwendung", "WPF-Anwendung", "{AC752961-0142-4A6A-ACB7-B0C24E8D22DE}"
EndProject
Project("{FAE04EC0-301F-11D3-BF4B-00C04F79EFBC}") = "WpfApplication1", "WpfApplication1\WpfApplication1.csproj", "{C670BC84-B617-4C68-9351-E1ADC9F2FD0D}"
EndProject
Project("{FAE04EC0-301F-11D3-BF4B-00C04F79EFBC}") = "WPF_Verschachtelt", "WPF_Verschachtelt\WPF_Verschachtelt.csproj", "{FEDCB02C-8C6D-4EAB-9695-E7A49122CE1B}"
EndProject
Project("{FAE04EC0-301F-11D3-BF4B-00C04F79EFBC}") = "WPF_NavigationWindow", "WPF_NavigationWindow\WPF_NavigationWindow.csproj", "{ECC5E056-BC35-4F39-A931-0FE1DFAFC689}"
EndProject
Project("{FAE04EC0-301F-11D3-BF4B-00C04F79EFBC}") = "WPF_Frame", "WPF_Frame\WPF_Frame.csproj", "{0B23CFE7-A82D-41D8-B310-25C610348648}"
EndProject
Project("{FAE04EC0-301F-11D3-BF4B-00C04F79EFBC}") = "WPF_NavigationDatasend", "WPF_NavigationDatasend\WPF_NavigationDatasend.csproj", "{480B43B9-AEB7-44C4-92B4-FFEC16F13336}"
EndProject
Project("{FAE04EC0-301F-11D3-BF4B-00C04F79EFBC}") = "WPF_MessageBox", "WPF_MessageBox\WPF_MessageBox.csproj", "{24149CDE-B15D-45F3-984D-949EBC2C0978}"
EndProject
Project("{FAE04EC0-301F-11D3-BF4B-00C04F79EFBC}") = "WPF_ButtonTypes", "WPF_ButtonTypes\WPF_ButtonTypes.csproj", "{1F6361CB-0798-4A47-9221-59C143FFEFEF}"
EndProject
Project("{FAE04EC0-301F-11D3-BF4B-00C04F79EFBC}") = "WPF_ListElements", "WPF_ListElements\WPF_ListElements.csproj", "{973599D3-523C-47FB-838B-C509437C44C3}"
EndProject
Project("{FAE04EC0-301F-11D3-BF4B-00C04F79EFBC}") = "WPF_ControlElements", "WPF_ControlElements\WPF_ControlElements.csproj", "{8346EF9A-8B95-4C98-B1A2-22B77D5109B9}"
EndProject
Project("{FAE04EC0-301F-11D3-BF4B-00C04F79EFBC}") = "WPF_Ribbon", "WPF_Ribbon\WPF_Ribbon.csproj", "{BEDA8BE5-9410-4B40-AC01-9DFA373BEBAC}"
EndProject
Project("{FAE04EC0-301F-11D3-BF4B-00C04F79EFBC}") = "WPF_FlowDocument", "WPF_FlowDocument\WPF_FlowDocument.csproj", "{1DF7CDB9-74EF-438F-A356-BCD850AF67D4}"
EndProject
Project("{FAE04EC0-301F-11D3-BF4B-00C04F79EFBC}") = "WPF_RichTextBox", "WPF_RichTextBox\WPF_RichTextBox.csproj", "{9E4F51CA-5B3A-434F-9EBB-B86510F16A09}"
EndProject
Project("{FAE04EC0-301F-11D3-BF4B-00C04F79EFBC}") = "WPF_ElementBinding", "WPF_ElementBinding\WPF_ElementBinding.csproj", "{48B66A5E-4935-4BBD-A586-7174410D80D1}"
EndProject
Project("{FAE04EC0-301F-11D3-BF4B-00C04F79EFBC}") = "WPF_Ressources", "WPF_Ressources\WPF_Ressources.csproj", "{E28CC08D-C75D-4FD0-86AB-958A84674BE8}"
EndProject
Project("{FAE04EC0-301F-11D3-BF4B-00C04F79EFBC}") = "WPF_Trigger", "WPF_Trigger\WPF_Trigger.csproj", "{D0D6ABAA-63C6-4A96-9689-53B36FC2C64C}"
EndProject
Project("{FAE04EC0-301F-11D3-BF4B-00C04F79EFBC}") = "WPF_Template", "WPF_Template\WPF_Template.csproj", "{987A1C74-9D4E-46EC-9B04-24C197CA5A39}"
EndProject
Project("{FAE04EC0-301F-11D3-BF4B-00C04F79EFBC}") = "WPF_Data_Binding", "WPF_Data_Binding\WPF_Data_Binding.csproj", "{7CEE57AE-224F-4C02-BA2E-C384D6D7223B}"
EndProject
Project("{FAE04EC0-301F-11D3-BF4B-00C04F79EFBC}") = "WPF_DataBinding_Validation", "WPF_DataBinding_Validation\WPF_DataBinding_Validation.csproj", "{1F7EEF09-8133-448E-A6AA-50A6783E2F9B}"
EndProject
Project("{FAE04EC0-301F-11D3-BF4B-00C04F79EFBC}") = "WPF_Converter", "WPF_Converter\WPF_Converter.csproj", "{6481B57C-CE90-4395-B9E1-808B7BBDF4B9}"
EndProject
Project("{FAE04EC0-301F-11D3-BF4B-00C04F79EFBC}") = "WPF_ItemsControl", "WPF_ItemsControl\WPF_ItemsControl.csproj", "{53649CEC-7B61-416F-8341-E4E94125BC25}"
EndProject
Project("{2150E333-8FDC-42A3-9474-1A3956D46DE8}") = "Tutorial", "Tutorial", "{7BF7E257-12A1-420B-9CFA-A84DA3B91919}"
EndProject
Project("{2150E333-8FDC-42A3-9474-1A3956D46DE8}") = "Projecte", "Projecte", "{8C9A9D9E-5A5D-4D62-BCE1-4BED07F26AC1}"
EndProject
Project("{FAE04EC0-301F-11D3-BF4B-00C04F79EFBC}") = "TariffCreator_0_0_0", "TariffCreator\TariffCreator_0_0_0.csproj", "{AF649D79-12F0-4A73-96DA-7B46731E98DB}"
EndProject
Project("{2150E333-8FDC-42A3-9474-1A3956D46DE8}") = "TariffCreator", "TariffCreator", "{713A6282-FBB3-436C-8041-028A81EF4847}"
EndProject
Project("{2150E333-8FDC-42A3-9474-1A3956D46DE8}") = "ASP.NET", "ASP.NET", "{198CCAC7-76E3-4EDE-8BCF-1841DCAB2D7B}"
EndProject
Project("{FAE04EC0-301F-11D3-BF4B-00C04F79EFBC}") = "WingtipToys", "WingtipToys\WingtipToys.csproj", "{4CCB87F4-F0FC-4DA4-970A-EADFA402315B}"
EndProject
Project("{FAE04EC0-301F-11D3-BF4B-00C04F79EFBC}") = "LocalDB_test", "LocalDB_test\LocalDB_test.csproj", "{333F2612-CA79-4F38-ABB0-1C02592E4F2C}"
EndProject
Project("{2150E333-8FDC-42A3-9474-1A3956D46DE8}") = "Core", "Core", "{6C095205-3AA4-4107-AC19-9E8D731FF8E0}"
EndProject
Project("{8BB2217D-0F2D-49D1-97BC-3654ED321F3B}") = "MvcMovieNew", "MvcMovieNew\MvcMovieNew.xproj", "{7A774DA3-1760-4712-8D77-4BCC2B75A436}"
EndProject
Project("{8BB2217D-0F2D-49D1-97BC-3654ED321F3B}") = "MvcMovie_noAuthentication", "MvcMovie_noAuthentication\MvcMovie_noAuthentication.xproj", "{6D09F6F6-8919-4587-89CA-EA1476E7FDEB}"
EndProject
Project("{FAE04EC0-301F-11D3-BF4B-00C04F79EFBC}") = "IPC_external", "ConsoleApplication2\IPC_external.csproj", "{E23918CB-BEC5-4B80-9DC7-BE4A1867D86F}"
EndProject
Project("{2150E333-8FDC-42A3-9474-1A3956D46DE8}") = "IPC_Captiv", "IPC_Captiv", "{1D788261-4538-4EC7-BA80-7246B47981E3}"
EndProject
Project("{2150E333-8FDC-42A3-9474-1A3956D46DE8}") = "StatusMonitor", "StatusMonitor", "{1DBA8AD6-CA52-421D-B178-383C008E678D}"
EndProject
Project("{FAE04EC0-301F-11D3-BF4B-00C04F79EFBC}") = "StatusMonitor_0_0_0", "StatusMonitor_0_0_0\StatusMonitor_0_0_0.csproj", "{C611BE61-879B-432C-9C22-A3FF0F06A868}"
EndProject
Project("{2150E333-8FDC-42A3-9474-1A3956D46DE8}") = "Database_Reader", "Database_Reader", "{066700DB-04D3-407D-A6AB-2BB07564868E}"
EndProject
Project("{FAE04EC0-301F-11D3-BF4B-00C04F79EFBC}") = "CG_DatabaseReader", "CG_DatabaseReader\CG_DatabaseReader.csproj", "{3E2316DE-0ADB-4383-9BD6-996030380C87}"
EndProject
Project("{FAE04EC0-301F-11D3-BF4B-00C04F79EFBC}") = "Test_ExcelReader", "Test_ExcelReader\Test_ExcelReader.csproj", "{74B98D3D-93F8-471F-9CAF-93FFC764F709}"
EndProject
Global
	GlobalSection(SolutionConfigurationPlatforms) = preSolution
		Debug|Any CPU = Debug|Any CPU
		Release|Any CPU = Release|Any CPU
	EndGlobalSection
	GlobalSection(ProjectConfigurationPlatforms) = postSolution
		{02443CE9-F459-4FFB-A4E1-A34D3B49F060}.Debug|Any CPU.ActiveCfg = Debug|Any CPU
		{02443CE9-F459-4FFB-A4E1-A34D3B49F060}.Debug|Any CPU.Build.0 = Debug|Any CPU
		{02443CE9-F459-4FFB-A4E1-A34D3B49F060}.Release|Any CPU.ActiveCfg = Release|Any CPU
		{02443CE9-F459-4FFB-A4E1-A34D3B49F060}.Release|Any CPU.Build.0 = Release|Any CPU
		{F02A8F97-5947-41C5-9D76-A3D813EE7FC4}.Debug|Any CPU.ActiveCfg = Debug|Any CPU
		{F02A8F97-5947-41C5-9D76-A3D813EE7FC4}.Debug|Any CPU.Build.0 = Debug|Any CPU
		{F02A8F97-5947-41C5-9D76-A3D813EE7FC4}.Release|Any CPU.ActiveCfg = Release|Any CPU
		{F02A8F97-5947-41C5-9D76-A3D813EE7FC4}.Release|Any CPU.Build.0 = Release|Any CPU
		{3DF7903B-A7D2-4EE4-A0DF-5ADF09EDAF1C}.Debug|Any CPU.ActiveCfg = Debug|Any CPU
		{3DF7903B-A7D2-4EE4-A0DF-5ADF09EDAF1C}.Debug|Any CPU.Build.0 = Debug|Any CPU
		{3DF7903B-A7D2-4EE4-A0DF-5ADF09EDAF1C}.Release|Any CPU.ActiveCfg = Release|Any CPU
		{3DF7903B-A7D2-4EE4-A0DF-5ADF09EDAF1C}.Release|Any CPU.Build.0 = Release|Any CPU
		{4103F458-C940-424E-A6D1-65A686C429AB}.Debug|Any CPU.ActiveCfg = Debug|Any CPU
		{4103F458-C940-424E-A6D1-65A686C429AB}.Debug|Any CPU.Build.0 = Debug|Any CPU
		{4103F458-C940-424E-A6D1-65A686C429AB}.Release|Any CPU.ActiveCfg = Release|Any CPU
		{4103F458-C940-424E-A6D1-65A686C429AB}.Release|Any CPU.Build.0 = Release|Any CPU
		{F777E159-D0CE-49C2-A555-3EB5532AAAFD}.Debug|Any CPU.ActiveCfg = Debug|Any CPU
		{F777E159-D0CE-49C2-A555-3EB5532AAAFD}.Debug|Any CPU.Build.0 = Debug|Any CPU
		{F777E159-D0CE-49C2-A555-3EB5532AAAFD}.Release|Any CPU.ActiveCfg = Release|Any CPU
		{F777E159-D0CE-49C2-A555-3EB5532AAAFD}.Release|Any CPU.Build.0 = Release|Any CPU
		{10293348-79BF-4EDD-B313-53F9B8F94C76}.Debug|Any CPU.ActiveCfg = Debug|Any CPU
		{10293348-79BF-4EDD-B313-53F9B8F94C76}.Debug|Any CPU.Build.0 = Debug|Any CPU
		{10293348-79BF-4EDD-B313-53F9B8F94C76}.Release|Any CPU.ActiveCfg = Release|Any CPU
		{10293348-79BF-4EDD-B313-53F9B8F94C76}.Release|Any CPU.Build.0 = Release|Any CPU
		{E9B6955E-EA5D-4FA3-AB89-F01A5611864E}.Debug|Any CPU.ActiveCfg = Debug|Any CPU
		{E9B6955E-EA5D-4FA3-AB89-F01A5611864E}.Debug|Any CPU.Build.0 = Debug|Any CPU
		{E9B6955E-EA5D-4FA3-AB89-F01A5611864E}.Release|Any CPU.ActiveCfg = Release|Any CPU
		{E9B6955E-EA5D-4FA3-AB89-F01A5611864E}.Release|Any CPU.Build.0 = Release|Any CPU
		{05F802E6-7008-42F6-BBB6-A7A7D743E04F}.Debug|Any CPU.ActiveCfg = Debug|Any CPU
		{05F802E6-7008-42F6-BBB6-A7A7D743E04F}.Debug|Any CPU.Build.0 = Debug|Any CPU
		{05F802E6-7008-42F6-BBB6-A7A7D743E04F}.Release|Any CPU.ActiveCfg = Release|Any CPU
		{05F802E6-7008-42F6-BBB6-A7A7D743E04F}.Release|Any CPU.Build.0 = Release|Any CPU
		{DCAA7C02-FE9C-48C3-98BA-8AF70DE49D1C}.Debug|Any CPU.ActiveCfg = Debug|Any CPU
		{DCAA7C02-FE9C-48C3-98BA-8AF70DE49D1C}.Debug|Any CPU.Build.0 = Debug|Any CPU
		{DCAA7C02-FE9C-48C3-98BA-8AF70DE49D1C}.Release|Any CPU.ActiveCfg = Release|Any CPU
		{DCAA7C02-FE9C-48C3-98BA-8AF70DE49D1C}.Release|Any CPU.Build.0 = Release|Any CPU
		{D10D97C5-2221-41ED-B991-AF1B3F8EBBF6}.Debug|Any CPU.ActiveCfg = Debug|Any CPU
		{D10D97C5-2221-41ED-B991-AF1B3F8EBBF6}.Debug|Any CPU.Build.0 = Debug|Any CPU
		{D10D97C5-2221-41ED-B991-AF1B3F8EBBF6}.Release|Any CPU.ActiveCfg = Release|Any CPU
		{D10D97C5-2221-41ED-B991-AF1B3F8EBBF6}.Release|Any CPU.Build.0 = Release|Any CPU
		{ABFD770E-5052-49B9-9508-9D1FC08C79E7}.Debug|Any CPU.ActiveCfg = Debug|Any CPU
		{ABFD770E-5052-49B9-9508-9D1FC08C79E7}.Debug|Any CPU.Build.0 = Debug|Any CPU
		{ABFD770E-5052-49B9-9508-9D1FC08C79E7}.Release|Any CPU.ActiveCfg = Release|Any CPU
		{ABFD770E-5052-49B9-9508-9D1FC08C79E7}.Release|Any CPU.Build.0 = Release|Any CPU
		{4CB15D1A-54F1-4E7F-A573-3ED5BCE37772}.Debug|Any CPU.ActiveCfg = Debug|Any CPU
		{4CB15D1A-54F1-4E7F-A573-3ED5BCE37772}.Debug|Any CPU.Build.0 = Debug|Any CPU
		{4CB15D1A-54F1-4E7F-A573-3ED5BCE37772}.Release|Any CPU.ActiveCfg = Release|Any CPU
		{4CB15D1A-54F1-4E7F-A573-3ED5BCE37772}.Release|Any CPU.Build.0 = Release|Any CPU
		{64FE93A3-6D0D-43A3-A49D-26F96AE07A02}.Debug|Any CPU.ActiveCfg = Debug|Any CPU
		{64FE93A3-6D0D-43A3-A49D-26F96AE07A02}.Debug|Any CPU.Build.0 = Debug|Any CPU
		{64FE93A3-6D0D-43A3-A49D-26F96AE07A02}.Release|Any CPU.ActiveCfg = Release|Any CPU
		{64FE93A3-6D0D-43A3-A49D-26F96AE07A02}.Release|Any CPU.Build.0 = Release|Any CPU
		{276C3A7B-294E-42FB-BBBA-30C69EB5512A}.Debug|Any CPU.ActiveCfg = Debug|Any CPU
		{276C3A7B-294E-42FB-BBBA-30C69EB5512A}.Debug|Any CPU.Build.0 = Debug|Any CPU
		{276C3A7B-294E-42FB-BBBA-30C69EB5512A}.Release|Any CPU.ActiveCfg = Release|Any CPU
		{276C3A7B-294E-42FB-BBBA-30C69EB5512A}.Release|Any CPU.Build.0 = Release|Any CPU
		{820797CE-7B45-4E5A-8C82-3286F00F8370}.Debug|Any CPU.ActiveCfg = Debug|Any CPU
		{820797CE-7B45-4E5A-8C82-3286F00F8370}.Debug|Any CPU.Build.0 = Debug|Any CPU
		{820797CE-7B45-4E5A-8C82-3286F00F8370}.Release|Any CPU.ActiveCfg = Release|Any CPU
		{820797CE-7B45-4E5A-8C82-3286F00F8370}.Release|Any CPU.Build.0 = Release|Any CPU
		{58021146-04FE-41F9-A71F-6C37790FC72B}.Debug|Any CPU.ActiveCfg = Debug|Any CPU
		{58021146-04FE-41F9-A71F-6C37790FC72B}.Debug|Any CPU.Build.0 = Debug|Any CPU
		{58021146-04FE-41F9-A71F-6C37790FC72B}.Release|Any CPU.ActiveCfg = Release|Any CPU
		{58021146-04FE-41F9-A71F-6C37790FC72B}.Release|Any CPU.Build.0 = Release|Any CPU
		{AADBFE37-6384-4238-9F52-B20E06D69015}.Debug|Any CPU.ActiveCfg = Debug|Any CPU
		{AADBFE37-6384-4238-9F52-B20E06D69015}.Debug|Any CPU.Build.0 = Debug|Any CPU
		{AADBFE37-6384-4238-9F52-B20E06D69015}.Release|Any CPU.ActiveCfg = Release|Any CPU
		{AADBFE37-6384-4238-9F52-B20E06D69015}.Release|Any CPU.Build.0 = Release|Any CPU
		{F504E064-A142-4709-B64B-C48A8EA9B9C8}.Debug|Any CPU.ActiveCfg = Debug|Any CPU
		{F504E064-A142-4709-B64B-C48A8EA9B9C8}.Debug|Any CPU.Build.0 = Debug|Any CPU
		{F504E064-A142-4709-B64B-C48A8EA9B9C8}.Release|Any CPU.ActiveCfg = Release|Any CPU
		{F504E064-A142-4709-B64B-C48A8EA9B9C8}.Release|Any CPU.Build.0 = Release|Any CPU
		{3A186EEA-DF75-494B-BE44-8553D5DBD240}.Debug|Any CPU.ActiveCfg = Debug|Any CPU
		{3A186EEA-DF75-494B-BE44-8553D5DBD240}.Debug|Any CPU.Build.0 = Debug|Any CPU
		{3A186EEA-DF75-494B-BE44-8553D5DBD240}.Release|Any CPU.ActiveCfg = Release|Any CPU
		{3A186EEA-DF75-494B-BE44-8553D5DBD240}.Release|Any CPU.Build.0 = Release|Any CPU
		{43EABA17-7216-4C65-8825-999C4356B399}.Debug|Any CPU.ActiveCfg = Debug|Any CPU
		{43EABA17-7216-4C65-8825-999C4356B399}.Debug|Any CPU.Build.0 = Debug|Any CPU
		{43EABA17-7216-4C65-8825-999C4356B399}.Release|Any CPU.ActiveCfg = Release|Any CPU
		{43EABA17-7216-4C65-8825-999C4356B399}.Release|Any CPU.Build.0 = Release|Any CPU
		{D7180AA5-6BCC-4BC5-ADE1-79A4E35D97C3}.Debug|Any CPU.ActiveCfg = Debug|Any CPU
		{D7180AA5-6BCC-4BC5-ADE1-79A4E35D97C3}.Debug|Any CPU.Build.0 = Debug|Any CPU
		{D7180AA5-6BCC-4BC5-ADE1-79A4E35D97C3}.Release|Any CPU.ActiveCfg = Release|Any CPU
		{D7180AA5-6BCC-4BC5-ADE1-79A4E35D97C3}.Release|Any CPU.Build.0 = Release|Any CPU
		{25DE1F32-1899-491E-B63B-B2D7D5699A30}.Debug|Any CPU.ActiveCfg = Debug|Any CPU
		{25DE1F32-1899-491E-B63B-B2D7D5699A30}.Debug|Any CPU.Build.0 = Debug|Any CPU
		{25DE1F32-1899-491E-B63B-B2D7D5699A30}.Release|Any CPU.ActiveCfg = Release|Any CPU
		{25DE1F32-1899-491E-B63B-B2D7D5699A30}.Release|Any CPU.Build.0 = Release|Any CPU
		{00EC6085-D9D6-43C3-8A2B-8B9853616633}.Debug|Any CPU.ActiveCfg = Debug|Any CPU
		{00EC6085-D9D6-43C3-8A2B-8B9853616633}.Debug|Any CPU.Build.0 = Debug|Any CPU
		{00EC6085-D9D6-43C3-8A2B-8B9853616633}.Release|Any CPU.ActiveCfg = Release|Any CPU
		{00EC6085-D9D6-43C3-8A2B-8B9853616633}.Release|Any CPU.Build.0 = Release|Any CPU
		{1F70FD0A-C734-46E6-9B7D-A8FD8AF1AF08}.Debug|Any CPU.ActiveCfg = Debug|Any CPU
		{1F70FD0A-C734-46E6-9B7D-A8FD8AF1AF08}.Debug|Any CPU.Build.0 = Debug|Any CPU
		{1F70FD0A-C734-46E6-9B7D-A8FD8AF1AF08}.Release|Any CPU.ActiveCfg = Release|Any CPU
		{1F70FD0A-C734-46E6-9B7D-A8FD8AF1AF08}.Release|Any CPU.Build.0 = Release|Any CPU
		{2611672D-7D1B-4649-BC83-971727322F0E}.Debug|Any CPU.ActiveCfg = Debug|Any CPU
		{2611672D-7D1B-4649-BC83-971727322F0E}.Debug|Any CPU.Build.0 = Debug|Any CPU
		{2611672D-7D1B-4649-BC83-971727322F0E}.Release|Any CPU.ActiveCfg = Release|Any CPU
		{2611672D-7D1B-4649-BC83-971727322F0E}.Release|Any CPU.Build.0 = Release|Any CPU
		{5B1F85EA-107E-4EC6-BF7F-0373844BECEC}.Debug|Any CPU.ActiveCfg = Debug|Any CPU
		{5B1F85EA-107E-4EC6-BF7F-0373844BECEC}.Debug|Any CPU.Build.0 = Debug|Any CPU
		{5B1F85EA-107E-4EC6-BF7F-0373844BECEC}.Release|Any CPU.ActiveCfg = Release|Any CPU
		{5B1F85EA-107E-4EC6-BF7F-0373844BECEC}.Release|Any CPU.Build.0 = Release|Any CPU
		{A92CA7B0-DDFE-4B5A-8109-8FC785BBAC76}.Debug|Any CPU.ActiveCfg = Debug|Any CPU
		{A92CA7B0-DDFE-4B5A-8109-8FC785BBAC76}.Debug|Any CPU.Build.0 = Debug|Any CPU
		{A92CA7B0-DDFE-4B5A-8109-8FC785BBAC76}.Release|Any CPU.ActiveCfg = Release|Any CPU
		{A92CA7B0-DDFE-4B5A-8109-8FC785BBAC76}.Release|Any CPU.Build.0 = Release|Any CPU
		{B3E35D31-BDBA-4365-B8E8-3BAF4A8666BB}.Debug|Any CPU.ActiveCfg = Debug|Any CPU
		{B3E35D31-BDBA-4365-B8E8-3BAF4A8666BB}.Debug|Any CPU.Build.0 = Debug|Any CPU
		{B3E35D31-BDBA-4365-B8E8-3BAF4A8666BB}.Release|Any CPU.ActiveCfg = Release|Any CPU
		{B3E35D31-BDBA-4365-B8E8-3BAF4A8666BB}.Release|Any CPU.Build.0 = Release|Any CPU
		{ED198436-8DDC-4E4A-84B2-6B4B3AD1ED40}.Debug|Any CPU.ActiveCfg = Debug|Any CPU
		{ED198436-8DDC-4E4A-84B2-6B4B3AD1ED40}.Debug|Any CPU.Build.0 = Debug|Any CPU
		{ED198436-8DDC-4E4A-84B2-6B4B3AD1ED40}.Release|Any CPU.ActiveCfg = Release|Any CPU
		{ED198436-8DDC-4E4A-84B2-6B4B3AD1ED40}.Release|Any CPU.Build.0 = Release|Any CPU
		{75034B81-551C-4F2C-9BDA-10AEDB8FDB22}.Debug|Any CPU.ActiveCfg = Debug|Any CPU
		{75034B81-551C-4F2C-9BDA-10AEDB8FDB22}.Debug|Any CPU.Build.0 = Debug|Any CPU
		{75034B81-551C-4F2C-9BDA-10AEDB8FDB22}.Release|Any CPU.ActiveCfg = Release|Any CPU
		{75034B81-551C-4F2C-9BDA-10AEDB8FDB22}.Release|Any CPU.Build.0 = Release|Any CPU
		{FC621EAA-4C9B-43F6-95C5-6787540F710D}.Debug|Any CPU.ActiveCfg = Debug|Any CPU
		{FC621EAA-4C9B-43F6-95C5-6787540F710D}.Debug|Any CPU.Build.0 = Debug|Any CPU
		{FC621EAA-4C9B-43F6-95C5-6787540F710D}.Release|Any CPU.ActiveCfg = Release|Any CPU
		{FC621EAA-4C9B-43F6-95C5-6787540F710D}.Release|Any CPU.Build.0 = Release|Any CPU
		{3DE92526-56D5-42A6-AC79-9611D9D75B9C}.Debug|Any CPU.ActiveCfg = Debug|Any CPU
		{3DE92526-56D5-42A6-AC79-9611D9D75B9C}.Debug|Any CPU.Build.0 = Debug|Any CPU
		{3DE92526-56D5-42A6-AC79-9611D9D75B9C}.Release|Any CPU.ActiveCfg = Release|Any CPU
		{3DE92526-56D5-42A6-AC79-9611D9D75B9C}.Release|Any CPU.Build.0 = Release|Any CPU
		{AAD6BE1A-4119-47CF-86E0-CCAD02120ACF}.Debug|Any CPU.ActiveCfg = Debug|Any CPU
		{AAD6BE1A-4119-47CF-86E0-CCAD02120ACF}.Debug|Any CPU.Build.0 = Debug|Any CPU
		{AAD6BE1A-4119-47CF-86E0-CCAD02120ACF}.Release|Any CPU.ActiveCfg = Release|Any CPU
		{AAD6BE1A-4119-47CF-86E0-CCAD02120ACF}.Release|Any CPU.Build.0 = Release|Any CPU
		{73D84EB8-3C27-4638-B003-6E51A49834CC}.Debug|Any CPU.ActiveCfg = Debug|Any CPU
		{73D84EB8-3C27-4638-B003-6E51A49834CC}.Debug|Any CPU.Build.0 = Debug|Any CPU
		{73D84EB8-3C27-4638-B003-6E51A49834CC}.Release|Any CPU.ActiveCfg = Release|Any CPU
		{73D84EB8-3C27-4638-B003-6E51A49834CC}.Release|Any CPU.Build.0 = Release|Any CPU
		{B999ED6D-722E-40F3-838C-1D6D4BC84434}.Debug|Any CPU.ActiveCfg = Debug|Any CPU
		{B999ED6D-722E-40F3-838C-1D6D4BC84434}.Debug|Any CPU.Build.0 = Debug|Any CPU
		{B999ED6D-722E-40F3-838C-1D6D4BC84434}.Release|Any CPU.ActiveCfg = Release|Any CPU
		{B999ED6D-722E-40F3-838C-1D6D4BC84434}.Release|Any CPU.Build.0 = Release|Any CPU
		{F15DBB0F-6614-4095-9BB3-9E9507038C8D}.Debug|Any CPU.ActiveCfg = Debug|Any CPU
		{F15DBB0F-6614-4095-9BB3-9E9507038C8D}.Debug|Any CPU.Build.0 = Debug|Any CPU
		{F15DBB0F-6614-4095-9BB3-9E9507038C8D}.Release|Any CPU.ActiveCfg = Release|Any CPU
		{F15DBB0F-6614-4095-9BB3-9E9507038C8D}.Release|Any CPU.Build.0 = Release|Any CPU
		{C670BC84-B617-4C68-9351-E1ADC9F2FD0D}.Debug|Any CPU.ActiveCfg = Debug|Any CPU
		{C670BC84-B617-4C68-9351-E1ADC9F2FD0D}.Debug|Any CPU.Build.0 = Debug|Any CPU
		{C670BC84-B617-4C68-9351-E1ADC9F2FD0D}.Release|Any CPU.ActiveCfg = Release|Any CPU
		{C670BC84-B617-4C68-9351-E1ADC9F2FD0D}.Release|Any CPU.Build.0 = Release|Any CPU
		{FEDCB02C-8C6D-4EAB-9695-E7A49122CE1B}.Debug|Any CPU.ActiveCfg = Debug|Any CPU
		{FEDCB02C-8C6D-4EAB-9695-E7A49122CE1B}.Debug|Any CPU.Build.0 = Debug|Any CPU
		{FEDCB02C-8C6D-4EAB-9695-E7A49122CE1B}.Release|Any CPU.ActiveCfg = Release|Any CPU
		{FEDCB02C-8C6D-4EAB-9695-E7A49122CE1B}.Release|Any CPU.Build.0 = Release|Any CPU
		{ECC5E056-BC35-4F39-A931-0FE1DFAFC689}.Debug|Any CPU.ActiveCfg = Debug|Any CPU
		{ECC5E056-BC35-4F39-A931-0FE1DFAFC689}.Debug|Any CPU.Build.0 = Debug|Any CPU
		{ECC5E056-BC35-4F39-A931-0FE1DFAFC689}.Release|Any CPU.ActiveCfg = Release|Any CPU
		{ECC5E056-BC35-4F39-A931-0FE1DFAFC689}.Release|Any CPU.Build.0 = Release|Any CPU
		{0B23CFE7-A82D-41D8-B310-25C610348648}.Debug|Any CPU.ActiveCfg = Debug|Any CPU
		{0B23CFE7-A82D-41D8-B310-25C610348648}.Debug|Any CPU.Build.0 = Debug|Any CPU
		{0B23CFE7-A82D-41D8-B310-25C610348648}.Release|Any CPU.ActiveCfg = Release|Any CPU
		{0B23CFE7-A82D-41D8-B310-25C610348648}.Release|Any CPU.Build.0 = Release|Any CPU
		{480B43B9-AEB7-44C4-92B4-FFEC16F13336}.Debug|Any CPU.ActiveCfg = Debug|Any CPU
		{480B43B9-AEB7-44C4-92B4-FFEC16F13336}.Debug|Any CPU.Build.0 = Debug|Any CPU
		{480B43B9-AEB7-44C4-92B4-FFEC16F13336}.Release|Any CPU.ActiveCfg = Release|Any CPU
		{480B43B9-AEB7-44C4-92B4-FFEC16F13336}.Release|Any CPU.Build.0 = Release|Any CPU
		{24149CDE-B15D-45F3-984D-949EBC2C0978}.Debug|Any CPU.ActiveCfg = Debug|Any CPU
		{24149CDE-B15D-45F3-984D-949EBC2C0978}.Debug|Any CPU.Build.0 = Debug|Any CPU
		{24149CDE-B15D-45F3-984D-949EBC2C0978}.Release|Any CPU.ActiveCfg = Release|Any CPU
		{24149CDE-B15D-45F3-984D-949EBC2C0978}.Release|Any CPU.Build.0 = Release|Any CPU
		{1F6361CB-0798-4A47-9221-59C143FFEFEF}.Debug|Any CPU.ActiveCfg = Debug|Any CPU
		{1F6361CB-0798-4A47-9221-59C143FFEFEF}.Debug|Any CPU.Build.0 = Debug|Any CPU
		{1F6361CB-0798-4A47-9221-59C143FFEFEF}.Release|Any CPU.ActiveCfg = Release|Any CPU
		{1F6361CB-0798-4A47-9221-59C143FFEFEF}.Release|Any CPU.Build.0 = Release|Any CPU
		{973599D3-523C-47FB-838B-C509437C44C3}.Debug|Any CPU.ActiveCfg = Debug|Any CPU
		{973599D3-523C-47FB-838B-C509437C44C3}.Debug|Any CPU.Build.0 = Debug|Any CPU
		{973599D3-523C-47FB-838B-C509437C44C3}.Release|Any CPU.ActiveCfg = Release|Any CPU
		{973599D3-523C-47FB-838B-C509437C44C3}.Release|Any CPU.Build.0 = Release|Any CPU
		{8346EF9A-8B95-4C98-B1A2-22B77D5109B9}.Debug|Any CPU.ActiveCfg = Debug|Any CPU
		{8346EF9A-8B95-4C98-B1A2-22B77D5109B9}.Debug|Any CPU.Build.0 = Debug|Any CPU
		{8346EF9A-8B95-4C98-B1A2-22B77D5109B9}.Release|Any CPU.ActiveCfg = Release|Any CPU
		{8346EF9A-8B95-4C98-B1A2-22B77D5109B9}.Release|Any CPU.Build.0 = Release|Any CPU
		{BEDA8BE5-9410-4B40-AC01-9DFA373BEBAC}.Debug|Any CPU.ActiveCfg = Debug|Any CPU
		{BEDA8BE5-9410-4B40-AC01-9DFA373BEBAC}.Debug|Any CPU.Build.0 = Debug|Any CPU
		{BEDA8BE5-9410-4B40-AC01-9DFA373BEBAC}.Release|Any CPU.ActiveCfg = Release|Any CPU
		{BEDA8BE5-9410-4B40-AC01-9DFA373BEBAC}.Release|Any CPU.Build.0 = Release|Any CPU
		{1DF7CDB9-74EF-438F-A356-BCD850AF67D4}.Debug|Any CPU.ActiveCfg = Debug|Any CPU
		{1DF7CDB9-74EF-438F-A356-BCD850AF67D4}.Debug|Any CPU.Build.0 = Debug|Any CPU
		{1DF7CDB9-74EF-438F-A356-BCD850AF67D4}.Release|Any CPU.ActiveCfg = Release|Any CPU
		{1DF7CDB9-74EF-438F-A356-BCD850AF67D4}.Release|Any CPU.Build.0 = Release|Any CPU
		{9E4F51CA-5B3A-434F-9EBB-B86510F16A09}.Debug|Any CPU.ActiveCfg = Debug|Any CPU
		{9E4F51CA-5B3A-434F-9EBB-B86510F16A09}.Debug|Any CPU.Build.0 = Debug|Any CPU
		{9E4F51CA-5B3A-434F-9EBB-B86510F16A09}.Release|Any CPU.ActiveCfg = Release|Any CPU
		{9E4F51CA-5B3A-434F-9EBB-B86510F16A09}.Release|Any CPU.Build.0 = Release|Any CPU
		{48B66A5E-4935-4BBD-A586-7174410D80D1}.Debug|Any CPU.ActiveCfg = Debug|Any CPU
		{48B66A5E-4935-4BBD-A586-7174410D80D1}.Debug|Any CPU.Build.0 = Debug|Any CPU
		{48B66A5E-4935-4BBD-A586-7174410D80D1}.Release|Any CPU.ActiveCfg = Release|Any CPU
		{48B66A5E-4935-4BBD-A586-7174410D80D1}.Release|Any CPU.Build.0 = Release|Any CPU
		{E28CC08D-C75D-4FD0-86AB-958A84674BE8}.Debug|Any CPU.ActiveCfg = Debug|Any CPU
		{E28CC08D-C75D-4FD0-86AB-958A84674BE8}.Debug|Any CPU.Build.0 = Debug|Any CPU
		{E28CC08D-C75D-4FD0-86AB-958A84674BE8}.Release|Any CPU.ActiveCfg = Release|Any CPU
		{E28CC08D-C75D-4FD0-86AB-958A84674BE8}.Release|Any CPU.Build.0 = Release|Any CPU
		{D0D6ABAA-63C6-4A96-9689-53B36FC2C64C}.Debug|Any CPU.ActiveCfg = Debug|Any CPU
		{D0D6ABAA-63C6-4A96-9689-53B36FC2C64C}.Debug|Any CPU.Build.0 = Debug|Any CPU
		{D0D6ABAA-63C6-4A96-9689-53B36FC2C64C}.Release|Any CPU.ActiveCfg = Release|Any CPU
		{D0D6ABAA-63C6-4A96-9689-53B36FC2C64C}.Release|Any CPU.Build.0 = Release|Any CPU
		{987A1C74-9D4E-46EC-9B04-24C197CA5A39}.Debug|Any CPU.ActiveCfg = Debug|Any CPU
		{987A1C74-9D4E-46EC-9B04-24C197CA5A39}.Debug|Any CPU.Build.0 = Debug|Any CPU
		{987A1C74-9D4E-46EC-9B04-24C197CA5A39}.Release|Any CPU.ActiveCfg = Release|Any CPU
		{987A1C74-9D4E-46EC-9B04-24C197CA5A39}.Release|Any CPU.Build.0 = Release|Any CPU
		{7CEE57AE-224F-4C02-BA2E-C384D6D7223B}.Debug|Any CPU.ActiveCfg = Debug|Any CPU
		{7CEE57AE-224F-4C02-BA2E-C384D6D7223B}.Debug|Any CPU.Build.0 = Debug|Any CPU
		{7CEE57AE-224F-4C02-BA2E-C384D6D7223B}.Release|Any CPU.ActiveCfg = Release|Any CPU
		{7CEE57AE-224F-4C02-BA2E-C384D6D7223B}.Release|Any CPU.Build.0 = Release|Any CPU
		{1F7EEF09-8133-448E-A6AA-50A6783E2F9B}.Debug|Any CPU.ActiveCfg = Debug|Any CPU
		{1F7EEF09-8133-448E-A6AA-50A6783E2F9B}.Debug|Any CPU.Build.0 = Debug|Any CPU
		{1F7EEF09-8133-448E-A6AA-50A6783E2F9B}.Release|Any CPU.ActiveCfg = Release|Any CPU
		{1F7EEF09-8133-448E-A6AA-50A6783E2F9B}.Release|Any CPU.Build.0 = Release|Any CPU
		{6481B57C-CE90-4395-B9E1-808B7BBDF4B9}.Debug|Any CPU.ActiveCfg = Debug|Any CPU
		{6481B57C-CE90-4395-B9E1-808B7BBDF4B9}.Debug|Any CPU.Build.0 = Debug|Any CPU
		{6481B57C-CE90-4395-B9E1-808B7BBDF4B9}.Release|Any CPU.ActiveCfg = Release|Any CPU
		{6481B57C-CE90-4395-B9E1-808B7BBDF4B9}.Release|Any CPU.Build.0 = Release|Any CPU
		{53649CEC-7B61-416F-8341-E4E94125BC25}.Debug|Any CPU.ActiveCfg = Debug|Any CPU
		{53649CEC-7B61-416F-8341-E4E94125BC25}.Debug|Any CPU.Build.0 = Debug|Any CPU
		{53649CEC-7B61-416F-8341-E4E94125BC25}.Release|Any CPU.ActiveCfg = Release|Any CPU
		{53649CEC-7B61-416F-8341-E4E94125BC25}.Release|Any CPU.Build.0 = Release|Any CPU
		{AF649D79-12F0-4A73-96DA-7B46731E98DB}.Debug|Any CPU.ActiveCfg = Debug|Any CPU
		{AF649D79-12F0-4A73-96DA-7B46731E98DB}.Debug|Any CPU.Build.0 = Debug|Any CPU
		{AF649D79-12F0-4A73-96DA-7B46731E98DB}.Release|Any CPU.ActiveCfg = Release|Any CPU
		{AF649D79-12F0-4A73-96DA-7B46731E98DB}.Release|Any CPU.Build.0 = Release|Any CPU
		{4CCB87F4-F0FC-4DA4-970A-EADFA402315B}.Debug|Any CPU.ActiveCfg = Debug|Any CPU
		{4CCB87F4-F0FC-4DA4-970A-EADFA402315B}.Debug|Any CPU.Build.0 = Debug|Any CPU
		{4CCB87F4-F0FC-4DA4-970A-EADFA402315B}.Release|Any CPU.ActiveCfg = Release|Any CPU
		{4CCB87F4-F0FC-4DA4-970A-EADFA402315B}.Release|Any CPU.Build.0 = Release|Any CPU
		{333F2612-CA79-4F38-ABB0-1C02592E4F2C}.Debug|Any CPU.ActiveCfg = Debug|Any CPU
		{333F2612-CA79-4F38-ABB0-1C02592E4F2C}.Debug|Any CPU.Build.0 = Debug|Any CPU
		{333F2612-CA79-4F38-ABB0-1C02592E4F2C}.Release|Any CPU.ActiveCfg = Release|Any CPU
		{333F2612-CA79-4F38-ABB0-1C02592E4F2C}.Release|Any CPU.Build.0 = Release|Any CPU
		{7A774DA3-1760-4712-8D77-4BCC2B75A436}.Debug|Any CPU.ActiveCfg = Debug|Any CPU
		{7A774DA3-1760-4712-8D77-4BCC2B75A436}.Debug|Any CPU.Build.0 = Debug|Any CPU
		{7A774DA3-1760-4712-8D77-4BCC2B75A436}.Release|Any CPU.ActiveCfg = Release|Any CPU
		{7A774DA3-1760-4712-8D77-4BCC2B75A436}.Release|Any CPU.Build.0 = Release|Any CPU
		{6D09F6F6-8919-4587-89CA-EA1476E7FDEB}.Debug|Any CPU.ActiveCfg = Debug|Any CPU
		{6D09F6F6-8919-4587-89CA-EA1476E7FDEB}.Debug|Any CPU.Build.0 = Debug|Any CPU
		{6D09F6F6-8919-4587-89CA-EA1476E7FDEB}.Release|Any CPU.ActiveCfg = Release|Any CPU
		{6D09F6F6-8919-4587-89CA-EA1476E7FDEB}.Release|Any CPU.Build.0 = Release|Any CPU
		{E23918CB-BEC5-4B80-9DC7-BE4A1867D86F}.Debug|Any CPU.ActiveCfg = Debug|Any CPU
		{E23918CB-BEC5-4B80-9DC7-BE4A1867D86F}.Debug|Any CPU.Build.0 = Debug|Any CPU
		{E23918CB-BEC5-4B80-9DC7-BE4A1867D86F}.Release|Any CPU.ActiveCfg = Release|Any CPU
		{E23918CB-BEC5-4B80-9DC7-BE4A1867D86F}.Release|Any CPU.Build.0 = Release|Any CPU
		{C611BE61-879B-432C-9C22-A3FF0F06A868}.Debug|Any CPU.ActiveCfg = Debug|Any CPU
		{C611BE61-879B-432C-9C22-A3FF0F06A868}.Debug|Any CPU.Build.0 = Debug|Any CPU
		{C611BE61-879B-432C-9C22-A3FF0F06A868}.Release|Any CPU.ActiveCfg = Release|Any CPU
		{C611BE61-879B-432C-9C22-A3FF0F06A868}.Release|Any CPU.Build.0 = Release|Any CPU
		{3E2316DE-0ADB-4383-9BD6-996030380C87}.Debug|Any CPU.ActiveCfg = Debug|Any CPU
		{3E2316DE-0ADB-4383-9BD6-996030380C87}.Debug|Any CPU.Build.0 = Debug|Any CPU
		{3E2316DE-0ADB-4383-9BD6-996030380C87}.Release|Any CPU.ActiveCfg = Release|Any CPU
		{3E2316DE-0ADB-4383-9BD6-996030380C87}.Release|Any CPU.Build.0 = Release|Any CPU
		{74B98D3D-93F8-471F-9CAF-93FFC764F709}.Debug|Any CPU.ActiveCfg = Debug|Any CPU
		{74B98D3D-93F8-471F-9CAF-93FFC764F709}.Debug|Any CPU.Build.0 = Debug|Any CPU
		{74B98D3D-93F8-471F-9CAF-93FFC764F709}.Release|Any CPU.ActiveCfg = Release|Any CPU
		{74B98D3D-93F8-471F-9CAF-93FFC764F709}.Release|Any CPU.Build.0 = Release|Any CPU
	EndGlobalSection
	GlobalSection(SolutionProperties) = preSolution
		HideSolutionNode = FALSE
	EndGlobalSection
	GlobalSection(NestedProjects) = preSolution
		{02443CE9-F459-4FFB-A4E1-A34D3B49F060} = {BDF69EE2-2024-405F-8625-04969599CC72}
		{F02A8F97-5947-41C5-9D76-A3D813EE7FC4} = {BDF69EE2-2024-405F-8625-04969599CC72}
		{3DF7903B-A7D2-4EE4-A0DF-5ADF09EDAF1C} = {7BF7E257-12A1-420B-9CFA-A84DA3B91919}
		{4103F458-C940-424E-A6D1-65A686C429AB} = {BDF69EE2-2024-405F-8625-04969599CC72}
		{BDF69EE2-2024-405F-8625-04969599CC72} = {7BF7E257-12A1-420B-9CFA-A84DA3B91919}
		{F777E159-D0CE-49C2-A555-3EB5532AAAFD} = {BDF69EE2-2024-405F-8625-04969599CC72}
		{10293348-79BF-4EDD-B313-53F9B8F94C76} = {BDF69EE2-2024-405F-8625-04969599CC72}
		{E9B6955E-EA5D-4FA3-AB89-F01A5611864E} = {BDF69EE2-2024-405F-8625-04969599CC72}
		{05F802E6-7008-42F6-BBB6-A7A7D743E04F} = {BDF69EE2-2024-405F-8625-04969599CC72}
		{DCAA7C02-FE9C-48C3-98BA-8AF70DE49D1C} = {BDF69EE2-2024-405F-8625-04969599CC72}
		{F6B22AB2-79F2-4FA8-B8FD-11906A2D41CA} = {7BF7E257-12A1-420B-9CFA-A84DA3B91919}
		{D10D97C5-2221-41ED-B991-AF1B3F8EBBF6} = {F6B22AB2-79F2-4FA8-B8FD-11906A2D41CA}
		{ABFD770E-5052-49B9-9508-9D1FC08C79E7} = {F6B22AB2-79F2-4FA8-B8FD-11906A2D41CA}
		{4CB15D1A-54F1-4E7F-A573-3ED5BCE37772} = {F6B22AB2-79F2-4FA8-B8FD-11906A2D41CA}
		{55FC458E-BAF4-4954-913D-DAEE2CE24A62} = {7BF7E257-12A1-420B-9CFA-A84DA3B91919}
		{64FE93A3-6D0D-43A3-A49D-26F96AE07A02} = {55FC458E-BAF4-4954-913D-DAEE2CE24A62}
		{276C3A7B-294E-42FB-BBBA-30C69EB5512A} = {55FC458E-BAF4-4954-913D-DAEE2CE24A62}
		{CA025391-E2EB-4335-AE78-B0F7A3A2843E} = {7BF7E257-12A1-420B-9CFA-A84DA3B91919}
		{820797CE-7B45-4E5A-8C82-3286F00F8370} = {CA025391-E2EB-4335-AE78-B0F7A3A2843E}
		{58021146-04FE-41F9-A71F-6C37790FC72B} = {CA025391-E2EB-4335-AE78-B0F7A3A2843E}
		{B55C8798-21F3-4624-A82A-C3E92B1D31C1} = {1D788261-4538-4EC7-BA80-7246B47981E3}
		{AADBFE37-6384-4238-9F52-B20E06D69015} = {B55C8798-21F3-4624-A82A-C3E92B1D31C1}
		{F504E064-A142-4709-B64B-C48A8EA9B9C8} = {CA025391-E2EB-4335-AE78-B0F7A3A2843E}
		{3A186EEA-DF75-494B-BE44-8553D5DBD240} = {CA025391-E2EB-4335-AE78-B0F7A3A2843E}
		{43EABA17-7216-4C65-8825-999C4356B399} = {CA025391-E2EB-4335-AE78-B0F7A3A2843E}
		{D7180AA5-6BCC-4BC5-ADE1-79A4E35D97C3} = {CA025391-E2EB-4335-AE78-B0F7A3A2843E}
		{3AC845EC-385A-4DEC-AB9A-04BBA5F1CF01} = {7BF7E257-12A1-420B-9CFA-A84DA3B91919}
		{25DE1F32-1899-491E-B63B-B2D7D5699A30} = {3AC845EC-385A-4DEC-AB9A-04BBA5F1CF01}
		{00EC6085-D9D6-43C3-8A2B-8B9853616633} = {3AC845EC-385A-4DEC-AB9A-04BBA5F1CF01}
		{1F70FD0A-C734-46E6-9B7D-A8FD8AF1AF08} = {3AC845EC-385A-4DEC-AB9A-04BBA5F1CF01}
		{2611672D-7D1B-4649-BC83-971727322F0E} = {3AC845EC-385A-4DEC-AB9A-04BBA5F1CF01}
		{5B1F85EA-107E-4EC6-BF7F-0373844BECEC} = {3AC845EC-385A-4DEC-AB9A-04BBA5F1CF01}
		{A92CA7B0-DDFE-4B5A-8109-8FC785BBAC76} = {3AC845EC-385A-4DEC-AB9A-04BBA5F1CF01}
		{B3E35D31-BDBA-4365-B8E8-3BAF4A8666BB} = {3AC845EC-385A-4DEC-AB9A-04BBA5F1CF01}
		{ED198436-8DDC-4E4A-84B2-6B4B3AD1ED40} = {3AC845EC-385A-4DEC-AB9A-04BBA5F1CF01}
		{75034B81-551C-4F2C-9BDA-10AEDB8FDB22} = {3AC845EC-385A-4DEC-AB9A-04BBA5F1CF01}
		{FC621EAA-4C9B-43F6-95C5-6787540F710D} = {3AC845EC-385A-4DEC-AB9A-04BBA5F1CF01}
		{3DE92526-56D5-42A6-AC79-9611D9D75B9C} = {3AC845EC-385A-4DEC-AB9A-04BBA5F1CF01}
		{AAD6BE1A-4119-47CF-86E0-CCAD02120ACF} = {3AC845EC-385A-4DEC-AB9A-04BBA5F1CF01}
		{73D84EB8-3C27-4638-B003-6E51A49834CC} = {3AC845EC-385A-4DEC-AB9A-04BBA5F1CF01}
		{D2FBC407-76CB-4D90-A368-592DC26DB51E} = {7BF7E257-12A1-420B-9CFA-A84DA3B91919}
		{B999ED6D-722E-40F3-838C-1D6D4BC84434} = {D2FBC407-76CB-4D90-A368-592DC26DB51E}
		{4DE89BAF-F924-43A1-A24A-B46A29FEAE7A} = {7BF7E257-12A1-420B-9CFA-A84DA3B91919}
		{F15DBB0F-6614-4095-9BB3-9E9507038C8D} = {4DE89BAF-F924-43A1-A24A-B46A29FEAE7A}
		{AC752961-0142-4A6A-ACB7-B0C24E8D22DE} = {7BF7E257-12A1-420B-9CFA-A84DA3B91919}
		{C670BC84-B617-4C68-9351-E1ADC9F2FD0D} = {AC752961-0142-4A6A-ACB7-B0C24E8D22DE}
		{FEDCB02C-8C6D-4EAB-9695-E7A49122CE1B} = {AC752961-0142-4A6A-ACB7-B0C24E8D22DE}
		{ECC5E056-BC35-4F39-A931-0FE1DFAFC689} = {AC752961-0142-4A6A-ACB7-B0C24E8D22DE}
		{0B23CFE7-A82D-41D8-B310-25C610348648} = {AC752961-0142-4A6A-ACB7-B0C24E8D22DE}
		{480B43B9-AEB7-44C4-92B4-FFEC16F13336} = {AC752961-0142-4A6A-ACB7-B0C24E8D22DE}
		{24149CDE-B15D-45F3-984D-949EBC2C0978} = {AC752961-0142-4A6A-ACB7-B0C24E8D22DE}
		{1F6361CB-0798-4A47-9221-59C143FFEFEF} = {AC752961-0142-4A6A-ACB7-B0C24E8D22DE}
		{973599D3-523C-47FB-838B-C509437C44C3} = {AC752961-0142-4A6A-ACB7-B0C24E8D22DE}
		{8346EF9A-8B95-4C98-B1A2-22B77D5109B9} = {AC752961-0142-4A6A-ACB7-B0C24E8D22DE}
		{BEDA8BE5-9410-4B40-AC01-9DFA373BEBAC} = {AC752961-0142-4A6A-ACB7-B0C24E8D22DE}
		{1DF7CDB9-74EF-438F-A356-BCD850AF67D4} = {AC752961-0142-4A6A-ACB7-B0C24E8D22DE}
		{9E4F51CA-5B3A-434F-9EBB-B86510F16A09} = {AC752961-0142-4A6A-ACB7-B0C24E8D22DE}
		{48B66A5E-4935-4BBD-A586-7174410D80D1} = {AC752961-0142-4A6A-ACB7-B0C24E8D22DE}
		{E28CC08D-C75D-4FD0-86AB-958A84674BE8} = {AC752961-0142-4A6A-ACB7-B0C24E8D22DE}
		{D0D6ABAA-63C6-4A96-9689-53B36FC2C64C} = {AC752961-0142-4A6A-ACB7-B0C24E8D22DE}
		{987A1C74-9D4E-46EC-9B04-24C197CA5A39} = {AC752961-0142-4A6A-ACB7-B0C24E8D22DE}
		{7CEE57AE-224F-4C02-BA2E-C384D6D7223B} = {AC752961-0142-4A6A-ACB7-B0C24E8D22DE}
		{1F7EEF09-8133-448E-A6AA-50A6783E2F9B} = {AC752961-0142-4A6A-ACB7-B0C24E8D22DE}
		{6481B57C-CE90-4395-B9E1-808B7BBDF4B9} = {AC752961-0142-4A6A-ACB7-B0C24E8D22DE}
		{53649CEC-7B61-416F-8341-E4E94125BC25} = {AC752961-0142-4A6A-ACB7-B0C24E8D22DE}
		{AF649D79-12F0-4A73-96DA-7B46731E98DB} = {713A6282-FBB3-436C-8041-028A81EF4847}
		{713A6282-FBB3-436C-8041-028A81EF4847} = {8C9A9D9E-5A5D-4D62-BCE1-4BED07F26AC1}
		{198CCAC7-76E3-4EDE-8BCF-1841DCAB2D7B} = {7BF7E257-12A1-420B-9CFA-A84DA3B91919}
		{4CCB87F4-F0FC-4DA4-970A-EADFA402315B} = {198CCAC7-76E3-4EDE-8BCF-1841DCAB2D7B}
		{333F2612-CA79-4F38-ABB0-1C02592E4F2C} = {198CCAC7-76E3-4EDE-8BCF-1841DCAB2D7B}
		{6C095205-3AA4-4107-AC19-9E8D731FF8E0} = {198CCAC7-76E3-4EDE-8BCF-1841DCAB2D7B}
		{7A774DA3-1760-4712-8D77-4BCC2B75A436} = {6C095205-3AA4-4107-AC19-9E8D731FF8E0}
		{6D09F6F6-8919-4587-89CA-EA1476E7FDEB} = {6C095205-3AA4-4107-AC19-9E8D731FF8E0}
		{E23918CB-BEC5-4B80-9DC7-BE4A1867D86F} = {1D788261-4538-4EC7-BA80-7246B47981E3}
		{1D788261-4538-4EC7-BA80-7246B47981E3} = {8C9A9D9E-5A5D-4D62-BCE1-4BED07F26AC1}
		{1DBA8AD6-CA52-421D-B178-383C008E678D} = {8C9A9D9E-5A5D-4D62-BCE1-4BED07F26AC1}
		{C611BE61-879B-432C-9C22-A3FF0F06A868} = {1DBA8AD6-CA52-421D-B178-383C008E678D}
		{066700DB-04D3-407D-A6AB-2BB07564868E} = {8C9A9D9E-5A5D-4D62-BCE1-4BED07F26AC1}
		{3E2316DE-0ADB-4383-9BD6-996030380C87} = {066700DB-04D3-407D-A6AB-2BB07564868E}
		{74B98D3D-93F8-471F-9CAF-93FFC764F709} = {066700DB-04D3-407D-A6AB-2BB07564868E}
	EndGlobalSection
EndGlobal
